
Microsoft Visual Studio Solution File, Format Version 12.00
# Visual Studio 15
VisualStudioVersion = 15.0.26730.10
MinimumVisualStudioVersion = 10.0.40219.1
Project("{FAE04EC0-301F-11D3-BF4B-00C04F79EFBC}") = "ExecutarMigracao", "ExecutarMigracao\ExecutarMigracao.csproj", "{ACB50DA6-8C46-4F03-B386-03789F93C357}"
EndProject
Project("{FAE04EC0-301F-11D3-BF4B-00C04F79EFBC}") = "Teste", "Teste\Teste.csproj", "{108612B9-C75D-4546-AEC9-E994B12BB42D}"
EndProject
Global
	GlobalSection(SolutionConfigurationPlatforms) = preSolution
		Debug|Any CPU = Debug|Any CPU
		Release|Any CPU = Release|Any CPU
	EndGlobalSection
	GlobalSection(ProjectConfigurationPlatforms) = postSolution
		{ACB50DA6-8C46-4F03-B386-03789F93C357}.Debug|Any CPU.ActiveCfg = Debug|Any CPU
		{ACB50DA6-8C46-4F03-B386-03789F93C357}.Debug|Any CPU.Build.0 = Debug|Any CPU
		{ACB50DA6-8C46-4F03-B386-03789F93C357}.Release|Any CPU.ActiveCfg = Release|Any CPU
		{ACB50DA6-8C46-4F03-B386-03789F93C357}.Release|Any CPU.Build.0 = Release|Any CPU
		{108612B9-C75D-4546-AEC9-E994B12BB42D}.Debug|Any CPU.ActiveCfg = Debug|Any CPU
		{108612B9-C75D-4546-AEC9-E994B12BB42D}.Debug|Any CPU.Build.0 = Debug|Any CPU
		{108612B9-C75D-4546-AEC9-E994B12BB42D}.Release|Any CPU.ActiveCfg = Release|Any CPU
		{108612B9-C75D-4546-AEC9-E994B12BB42D}.Release|Any CPU.Build.0 = Release|Any CPU
	EndGlobalSection
	GlobalSection(SolutionProperties) = preSolution
		HideSolutionNode = FALSE
	EndGlobalSection
	GlobalSection(ExtensibilityGlobals) = postSolution
		SolutionGuid = {DEE58FA5-5E9D-47CC-BB5F-C50752280E71}
	EndGlobalSection
EndGlobal
